
Microsoft Visual Studio Solution File, Format Version 12.00
# Visual Studio Version 17
VisualStudioVersion = 17.5.002.0
MinimumVisualStudioVersion = 10.0.40219.1
Project("{9A19103F-16F7-4668-BE54-9A1E7A4F7556}") = "CBEsApi", "CBEsApi.csproj", "{74C2DB82-EF22-499F-9640-444A5F782447}"
EndProject
Global
	GlobalSection(SolutionConfigurationPlatforms) = preSolution
		Debug|Any CPU = Debug|Any CPU
		Release|Any CPU = Release|Any CPU
	EndGlobalSection
	GlobalSection(ProjectConfigurationPlatforms) = postSolution
		{74C2DB82-EF22-499F-9640-444A5F782447}.Debug|Any CPU.ActiveCfg = Debug|Any CPU
		{74C2DB82-EF22-499F-9640-444A5F782447}.Debug|Any CPU.Build.0 = Debug|Any CPU
		{74C2DB82-EF22-499F-9640-444A5F782447}.Release|Any CPU.ActiveCfg = Release|Any CPU
		{74C2DB82-EF22-499F-9640-444A5F782447}.Release|Any CPU.Build.0 = Release|Any CPU
	EndGlobalSection
	GlobalSection(SolutionProperties) = preSolution
		HideSolutionNode = FALSE
	EndGlobalSection
	GlobalSection(ExtensibilityGlobals) = postSolution
		SolutionGuid = {0CCB210E-C0AA-425C-832A-0F5B4EB1D599}
	EndGlobalSection
EndGlobal
